
Microsoft Visual Studio Solution File, Format Version 12.00
# Visual Studio Version 17
VisualStudioVersion = 17.10.35027.167
MinimumVisualStudioVersion = 10.0.40219.1
Project("{2150E333-8FDC-42A3-9474-1A3956D46DE8}") = "Core", "Core", "{0F01E1DF-FE68-4BAF-86C7-A440BA4C9912}"
EndProject
Project("{9A19103F-16F7-4668-BE54-9A1E7A4F7556}") = "OokamiJJ.Domain", "src\OokamiJJ.Domain\OokamiJJ.Domain.csproj", "{20C4EF2F-D626-4977-A417-D09D1C2F7AFF}"
EndProject
Project("{2150E333-8FDC-42A3-9474-1A3956D46DE8}") = "Tests", "Tests", "{202C26C6-5041-493E-9150-02923514E2BF}"
EndProject
Project("{FAE04EC0-301F-11D3-BF4B-00C04F79EFBC}") = "OokamiJJ.Tests", "test\OokamiJJ.Tests\OokamiJJ.Tests.csproj", "{F5CAF27E-7509-4296-A5C6-318192CCA476}"
EndProject
Global
	GlobalSection(SolutionConfigurationPlatforms) = preSolution
		Debug|Any CPU = Debug|Any CPU
		Release|Any CPU = Release|Any CPU
	EndGlobalSection
	GlobalSection(ProjectConfigurationPlatforms) = postSolution
		{20C4EF2F-D626-4977-A417-D09D1C2F7AFF}.Debug|Any CPU.ActiveCfg = Debug|Any CPU
		{20C4EF2F-D626-4977-A417-D09D1C2F7AFF}.Debug|Any CPU.Build.0 = Debug|Any CPU
		{20C4EF2F-D626-4977-A417-D09D1C2F7AFF}.Release|Any CPU.ActiveCfg = Release|Any CPU
		{20C4EF2F-D626-4977-A417-D09D1C2F7AFF}.Release|Any CPU.Build.0 = Release|Any CPU
		{F5CAF27E-7509-4296-A5C6-318192CCA476}.Debug|Any CPU.ActiveCfg = Debug|Any CPU
		{F5CAF27E-7509-4296-A5C6-318192CCA476}.Debug|Any CPU.Build.0 = Debug|Any CPU
		{F5CAF27E-7509-4296-A5C6-318192CCA476}.Release|Any CPU.ActiveCfg = Release|Any CPU
		{F5CAF27E-7509-4296-A5C6-318192CCA476}.Release|Any CPU.Build.0 = Release|Any CPU
	EndGlobalSection
	GlobalSection(SolutionProperties) = preSolution
		HideSolutionNode = FALSE
	EndGlobalSection
	GlobalSection(NestedProjects) = preSolution
		{20C4EF2F-D626-4977-A417-D09D1C2F7AFF} = {0F01E1DF-FE68-4BAF-86C7-A440BA4C9912}
		{F5CAF27E-7509-4296-A5C6-318192CCA476} = {202C26C6-5041-493E-9150-02923514E2BF}
	EndGlobalSection
	GlobalSection(ExtensibilityGlobals) = postSolution
		SolutionGuid = {B03D278F-C76B-426A-A0F3-43706A64EA01}
	EndGlobalSection
EndGlobal
